
Microsoft Visual Studio Solution File, Format Version 12.00
# Visual Studio Version 17
VisualStudioVersion = 17.14.36616.10
MinimumVisualStudioVersion = 10.0.40219.1
Project("{FAE04EC0-301F-11D3-BF4B-00C04F79EFBC}") = "GymTime.Api", "GymTime.Api\GymTime.Api.csproj", "{0D5AD46A-274D-4EF0-98AF-1629A3FD93F6}"
EndProject
Project("{FAE04EC0-301F-11D3-BF4B-00C04F79EFBC}") = "GymTime.Application", "GymTime.Application\GymTime.Application.csproj", "{E344A85D-3C92-4921-B85A-28618D8009FD}"
EndProject
Project("{FAE04EC0-301F-11D3-BF4B-00C04F79EFBC}") = "GymTime.Domain", "GymTime.Domain\GymTime.Domain.csproj", "{8ABF994C-00A1-4C38-9015-08D042586372}"
EndProject
Project("{FAE04EC0-301F-11D3-BF4B-00C04F79EFBC}") = "GymTime.Infrastructure", "GymTime.Infrastructure\GymTime.Infrastructure.csproj", "{D16DD070-99EB-4CF9-ACAD-425718F3AC6C}"
EndProject
Project("{2150E333-8FDC-42A3-9474-1A3956D46DE8}") = "src", "src", "{02EA681E-C7D8-13C7-8484-4AC65E1B71E8}"
	ProjectSection(SolutionItems) = preProject
		GymTime.Api\Controllers\.editorconfig = GymTime.Api\Controllers\.editorconfig
		docker-compose.yml = docker-compose.yml
	EndProjectSection
EndProject
Project("{2150E333-8FDC-42A3-9474-1A3956D46DE8}") = "tests", "tests", "{5375AFE1-0C7F-43B6-AEC6-F9E25EA8344F}"
EndProject
Project("{FAE04EC0-301F-11D3-BF4B-00C04F79EFBC}") = "GymTime.Application.Tests", "GymTime.Application.Tests\GymTime.Application.Tests.csproj", "{04E838F3-73D1-4015-943A-B5DB3FE6D67E}"
EndProject
Project("{FAE04EC0-301F-11D3-BF4B-00C04F79EFBC}") = "GymTime.Infrastructure.Tests", "GymTime.Infrastructure.Tests\GymTime.Infrastructure.Tests.csproj", "{A9C0B212-D217-AD58-D4AA-C74282E7D909}"
EndProject
Project("{FAE04EC0-301F-11D3-BF4B-00C04F79EFBC}") = "GymTime.Domain.Tests", "GymTime.Domain.Tests\GymTime.Domain.Tests.csproj", "{EEB449A1-7166-D112-C63E-C0F675A2D7E7}"
EndProject
Project("{FAE04EC0-301F-11D3-BF4B-00C04F79EFBC}") = "GymTime.Api.Tests", "GymTime.Api.Tests\GymTime.Api.Tests.csproj", "{8C550850-2D43-4874-803F-03BC1DD797FF}"
EndProject
Global
	GlobalSection(SolutionConfigurationPlatforms) = preSolution
		Debug|Any CPU = Debug|Any CPU
		Debug|x64 = Debug|x64
		Debug|x86 = Debug|x86
		Release|Any CPU = Release|Any CPU
		Release|x64 = Release|x64
		Release|x86 = Release|x86
	EndGlobalSection
	GlobalSection(ProjectConfigurationPlatforms) = postSolution
		{0D5AD46A-274D-4EF0-98AF-1629A3FD93F6}.Debug|Any CPU.ActiveCfg = Debug|Any CPU
		{0D5AD46A-274D-4EF0-98AF-1629A3FD93F6}.Debug|Any CPU.Build.0 = Debug|Any CPU
		{0D5AD46A-274D-4EF0-98AF-1629A3FD93F6}.Debug|x64.ActiveCfg = Debug|Any CPU
		{0D5AD46A-274D-4EF0-98AF-1629A3FD93F6}.Debug|x64.Build.0 = Debug|Any CPU
		{0D5AD46A-274D-4EF0-98AF-1629A3FD93F6}.Debug|x86.ActiveCfg = Debug|Any CPU
		{0D5AD46A-274D-4EF0-98AF-1629A3FD93F6}.Debug|x86.Build.0 = Debug|Any CPU
		{0D5AD46A-274D-4EF0-98AF-1629A3FD93F6}.Release|Any CPU.ActiveCfg = Release|Any CPU
		{0D5AD46A-274D-4EF0-98AF-1629A3FD93F6}.Release|Any CPU.Build.0 = Release|Any CPU
		{0D5AD46A-274D-4EF0-98AF-1629A3FD93F6}.Release|x64.ActiveCfg = Release|Any CPU
		{0D5AD46A-274D-4EF0-98AF-1629A3FD93F6}.Release|x64.Build.0 = Release|Any CPU
		{0D5AD46A-274D-4EF0-98AF-1629A3FD93F6}.Release|x86.ActiveCfg = Release|Any CPU
		{0D5AD46A-274D-4EF0-98AF-1629A3FD93F6}.Release|x86.Build.0 = Release|Any CPU
		{E344A85D-3C92-4921-B85A-28618D8009FD}.Debug|Any CPU.ActiveCfg = Debug|Any CPU
		{E344A85D-3C92-4921-B85A-28618D8009FD}.Debug|Any CPU.Build.0 = Debug|Any CPU
		{E344A85D-3C92-4921-B85A-28618D8009FD}.Debug|x64.ActiveCfg = Debug|Any CPU
		{E344A85D-3C92-4921-B85A-28618D8009FD}.Debug|x64.Build.0 = Debug|Any CPU
		{E344A85D-3C92-4921-B85A-28618D8009FD}.Debug|x86.ActiveCfg = Debug|Any CPU
		{E344A85D-3C92-4921-B85A-28618D8009FD}.Debug|x86.Build.0 = Debug|Any CPU
		{E344A85D-3C92-4921-B85A-28618D8009FD}.Release|Any CPU.ActiveCfg = Release|Any CPU
		{E344A85D-3C92-4921-B85A-28618D8009FD}.Release|Any CPU.Build.0 = Release|Any CPU
		{E344A85D-3C92-4921-B85A-28618D8009FD}.Release|x64.ActiveCfg = Release|Any CPU
		{E344A85D-3C92-4921-B85A-28618D8009FD}.Release|x64.Build.0 = Release|Any CPU
		{E344A85D-3C92-4921-B85A-28618D8009FD}.Release|x86.ActiveCfg = Release|Any CPU
		{E344A85D-3C92-4921-B85A-28618D8009FD}.Release|x86.Build.0 = Release|Any CPU
		{8ABF994C-00A1-4C38-9015-08D042586372}.Debug|Any CPU.ActiveCfg = Debug|Any CPU
		{8ABF994C-00A1-4C38-9015-08D042586372}.Debug|Any CPU.Build.0 = Debug|Any CPU
		{8ABF994C-00A1-4C38-9015-08D042586372}.Debug|x64.ActiveCfg = Debug|Any CPU
		{8ABF994C-00A1-4C38-9015-08D042586372}.Debug|x64.Build.0 = Debug|Any CPU
		{8ABF994C-00A1-4C38-9015-08D042586372}.Debug|x86.ActiveCfg = Debug|Any CPU
		{8ABF994C-00A1-4C38-9015-08D042586372}.Debug|x86.Build.0 = Debug|Any CPU
		{8ABF994C-00A1-4C38-9015-08D042586372}.Release|Any CPU.ActiveCfg = Release|Any CPU
		{8ABF994C-00A1-4C38-9015-08D042586372}.Release|Any CPU.Build.0 = Release|Any CPU
		{8ABF994C-00A1-4C38-9015-08D042586372}.Release|x64.ActiveCfg = Release|Any CPU
		{8ABF994C-00A1-4C38-9015-08D042586372}.Release|x64.Build.0 = Release|Any CPU
		{8ABF994C-00A1-4C38-9015-08D042586372}.Release|x86.ActiveCfg = Release|Any CPU
		{8ABF994C-00A1-4C38-9015-08D042586372}.Release|x86.Build.0 = Release|Any CPU
		{D16DD070-99EB-4CF9-ACAD-425718F3AC6C}.Debug|Any CPU.ActiveCfg = Debug|Any CPU
		{D16DD070-99EB-4CF9-ACAD-425718F3AC6C}.Debug|Any CPU.Build.0 = Debug|Any CPU
		{D16DD070-99EB-4CF9-ACAD-425718F3AC6C}.Debug|x64.ActiveCfg = Debug|Any CPU
		{D16DD070-99EB-4CF9-ACAD-425718F3AC6C}.Debug|x64.Build.0 = Debug|Any CPU
		{D16DD070-99EB-4CF9-ACAD-425718F3AC6C}.Debug|x86.ActiveCfg = Debug|Any CPU
		{D16DD070-99EB-4CF9-ACAD-425718F3AC6C}.Debug|x86.Build.0 = Debug|Any CPU
		{D16DD070-99EB-4CF9-ACAD-425718F3AC6C}.Release|Any CPU.ActiveCfg = Release|Any CPU
		{D16DD070-99EB-4CF9-ACAD-425718F3AC6C}.Release|Any CPU.Build.0 = Release|Any CPU
		{D16DD070-99EB-4CF9-ACAD-425718F3AC6C}.Release|x64.ActiveCfg = Release|Any CPU
		{D16DD070-99EB-4CF9-ACAD-425718F3AC6C}.Release|x64.Build.0 = Release|Any CPU
		{D16DD070-99EB-4CF9-ACAD-425718F3AC6C}.Release|x86.ActiveCfg = Release|Any CPU
		{D16DD070-99EB-4CF9-ACAD-425718F3AC6C}.Release|x86.Build.0 = Release|Any CPU
		{04E838F3-73D1-4015-943A-B5DB3FE6D67E}.Debug|Any CPU.ActiveCfg = Debug|Any CPU
		{04E838F3-73D1-4015-943A-B5DB3FE6D67E}.Debug|Any CPU.Build.0 = Debug|Any CPU
		{04E838F3-73D1-4015-943A-B5DB3FE6D67E}.Debug|x64.ActiveCfg = Debug|Any CPU
		{04E838F3-73D1-4015-943A-B5DB3FE6D67E}.Debug|x64.Build.0 = Debug|Any CPU
		{04E838F3-73D1-4015-943A-B5DB3FE6D67E}.Debug|x86.ActiveCfg = Debug|Any CPU
		{04E838F3-73D1-4015-943A-B5DB3FE6D67E}.Debug|x86.Build.0 = Debug|Any CPU
		{04E838F3-73D1-4015-943A-B5DB3FE6D67E}.Release|Any CPU.ActiveCfg = Release|Any CPU
		{04E838F3-73D1-4015-943A-B5DB3FE6D67E}.Release|Any CPU.Build.0 = Release|Any CPU
		{04E838F3-73D1-4015-943A-B5DB3FE6D67E}.Release|x64.ActiveCfg = Release|Any CPU
		{04E838F3-73D1-4015-943A-B5DB3FE6D67E}.Release|x64.Build.0 = Release|Any CPU
		{04E838F3-73D1-4015-943A-B5DB3FE6D67E}.Release|x86.ActiveCfg = Release|Any CPU
		{04E838F3-73D1-4015-943A-B5DB3FE6D67E}.Release|x86.Build.0 = Release|Any CPU
		{A9C0B212-D217-AD58-D4AA-C74282E7D909}.Debug|Any CPU.ActiveCfg = Debug|Any CPU
		{A9C0B212-D217-AD58-D4AA-C74282E7D909}.Debug|Any CPU.Build.0 = Debug|Any CPU
		{A9C0B212-D217-AD58-D4AA-C74282E7D909}.Debug|x64.ActiveCfg = Debug|Any CPU
		{A9C0B212-D217-AD58-D4AA-C74282E7D909}.Debug|x64.Build.0 = Debug|Any CPU
		{A9C0B212-D217-AD58-D4AA-C74282E7D909}.Debug|x86.ActiveCfg = Debug|Any CPU
		{A9C0B212-D217-AD58-D4AA-C74282E7D909}.Debug|x86.Build.0 = Debug|Any CPU
		{A9C0B212-D217-AD58-D4AA-C74282E7D909}.Release|Any CPU.ActiveCfg = Release|Any CPU
		{A9C0B212-D217-AD58-D4AA-C74282E7D909}.Release|Any CPU.Build.0 = Release|Any CPU
		{A9C0B212-D217-AD58-D4AA-C74282E7D909}.Release|x64.ActiveCfg = Release|Any CPU
		{A9C0B212-D217-AD58-D4AA-C74282E7D909}.Release|x64.Build.0 = Release|Any CPU
		{A9C0B212-D217-AD58-D4AA-C74282E7D909}.Release|x86.ActiveCfg = Release|Any CPU
		{A9C0B212-D217-AD58-D4AA-C74282E7D909}.Release|x86.Build.0 = Release|Any CPU
		{EEB449A1-7166-D112-C63E-C0F675A2D7E7}.Debug|Any CPU.ActiveCfg = Debug|Any CPU
		{EEB449A1-7166-D112-C63E-C0F675A2D7E7}.Debug|Any CPU.Build.0 = Debug|Any CPU
		{EEB449A1-7166-D112-C63E-C0F675A2D7E7}.Debug|x64.ActiveCfg = Debug|Any CPU
		{EEB449A1-7166-D112-C63E-C0F675A2D7E7}.Debug|x64.Build.0 = Debug|Any CPU
		{EEB449A1-7166-D112-C63E-C0F675A2D7E7}.Debug|x86.ActiveCfg = Debug|Any CPU
		{EEB449A1-7166-D112-C63E-C0F675A2D7E7}.Debug|x86.Build.0 = Debug|Any CPU
		{EEB449A1-7166-D112-C63E-C0F675A2D7E7}.Release|Any CPU.ActiveCfg = Release|Any CPU
		{EEB449A1-7166-D112-C63E-C0F675A2D7E7}.Release|Any CPU.Build.0 = Release|Any CPU
		{EEB449A1-7166-D112-C63E-C0F675A2D7E7}.Release|x64.ActiveCfg = Release|Any CPU
		{EEB449A1-7166-D112-C63E-C0F675A2D7E7}.Release|x64.Build.0 = Release|Any CPU
		{EEB449A1-7166-D112-C63E-C0F675A2D7E7}.Release|x86.ActiveCfg = Release|Any CPU
		{EEB449A1-7166-D112-C63E-C0F675A2D7E7}.Release|x86.Build.0 = Release|Any CPU
		{8C550850-2D43-4874-803F-03BC1DD797FF}.Debug|Any CPU.ActiveCfg = Debug|Any CPU
		{8C550850-2D43-4874-803F-03BC1DD797FF}.Debug|Any CPU.Build.0 = Debug|Any CPU
		{8C550850-2D43-4874-803F-03BC1DD797FF}.Debug|x64.ActiveCfg = Debug|Any CPU
		{8C550850-2D43-4874-803F-03BC1DD797FF}.Debug|x64.Build.0 = Debug|Any CPU
		{8C550850-2D43-4874-803F-03BC1DD797FF}.Debug|x86.ActiveCfg = Debug|Any CPU
		{8C550850-2D43-4874-803F-03BC1DD797FF}.Debug|x86.Build.0 = Debug|Any CPU
		{8C550850-2D43-4874-803F-03BC1DD797FF}.Release|Any CPU.ActiveCfg = Release|Any CPU
		{8C550850-2D43-4874-803F-03BC1DD797FF}.Release|Any CPU.Build.0 = Release|Any CPU
		{8C550850-2D43-4874-803F-03BC1DD797FF}.Release|x64.ActiveCfg = Release|Any CPU
		{8C550850-2D43-4874-803F-03BC1DD797FF}.Release|x64.Build.0 = Release|Any CPU
		{8C550850-2D43-4874-803F-03BC1DD797FF}.Release|x86.ActiveCfg = Release|Any CPU
		{8C550850-2D43-4874-803F-03BC1DD797FF}.Release|x86.Build.0 = Release|Any CPU
	EndGlobalSection
	GlobalSection(SolutionProperties) = preSolution
		HideSolutionNode = FALSE
	EndGlobalSection
	GlobalSection(NestedProjects) = preSolution
		{0D5AD46A-274D-4EF0-98AF-1629A3FD93F6} = {02EA681E-C7D8-13C7-8484-4AC65E1B71E8}
		{E344A85D-3C92-4921-B85A-28618D8009FD} = {02EA681E-C7D8-13C7-8484-4AC65E1B71E8}
		{8ABF994C-00A1-4C38-9015-08D042586372} = {02EA681E-C7D8-13C7-8484-4AC65E1B71E8}
		{D16DD070-99EB-4CF9-ACAD-425718F3AC6C} = {02EA681E-C7D8-13C7-8484-4AC65E1B71E8}
		{04E838F3-73D1-4015-943A-B5DB3FE6D67E} = {5375AFE1-0C7F-43B6-AEC6-F9E25EA8344F}
		{A9C0B212-D217-AD58-D4AA-C74282E7D909} = {5375AFE1-0C7F-43B6-AEC6-F9E25EA8344F}
		{EEB449A1-7166-D112-C63E-C0F675A2D7E7} = {5375AFE1-0C7F-43B6-AEC6-F9E25EA8344F}
		{8C550850-2D43-4874-803F-03BC1DD797FF} = {5375AFE1-0C7F-43B6-AEC6-F9E25EA8344F}
	EndGlobalSection
	GlobalSection(ExtensibilityGlobals) = postSolution
		SolutionGuid = {61479EDD-9169-45A8-872F-FB9CA77B5E8F}
	EndGlobalSection
EndGlobal
